
Microsoft Visual Studio Solution File, Format Version 12.00
# Visual Studio 2012
Project("{FAE04EC0-301F-11D3-BF4B-00C04F79EFBC}") = "Ekzo.Security", "Ekzo.Security.csproj", "{9EFC80E0-90F5-48EC-A97C-FA4E60176882}"
EndProject
Project("{FAE04EC0-301F-11D3-BF4B-00C04F79EFBC}") = "AuthLib", "..\AuthLib\AuthLib.csproj", "{019B9027-E4FA-4CAA-9559-F2A9A7D50303}"
EndProject
Global
	GlobalSection(SolutionConfigurationPlatforms) = preSolution
		Debug|Any CPU = Debug|Any CPU
		Release|Any CPU = Release|Any CPU
	EndGlobalSection
	GlobalSection(ProjectConfigurationPlatforms) = postSolution
		{9EFC80E0-90F5-48EC-A97C-FA4E60176882}.Debug|Any CPU.ActiveCfg = Debug|Any CPU
		{9EFC80E0-90F5-48EC-A97C-FA4E60176882}.Debug|Any CPU.Build.0 = Debug|Any CPU
		{9EFC80E0-90F5-48EC-A97C-FA4E60176882}.Release|Any CPU.ActiveCfg = Release|Any CPU
		{9EFC80E0-90F5-48EC-A97C-FA4E60176882}.Release|Any CPU.Build.0 = Release|Any CPU
		{019B9027-E4FA-4CAA-9559-F2A9A7D50303}.Debug|Any CPU.ActiveCfg = Debug|Any CPU
		{019B9027-E4FA-4CAA-9559-F2A9A7D50303}.Debug|Any CPU.Build.0 = Debug|Any CPU
		{019B9027-E4FA-4CAA-9559-F2A9A7D50303}.Release|Any CPU.ActiveCfg = Release|Any CPU
		{019B9027-E4FA-4CAA-9559-F2A9A7D50303}.Release|Any CPU.Build.0 = Release|Any CPU
	EndGlobalSection
	GlobalSection(SolutionProperties) = preSolution
		HideSolutionNode = FALSE
	EndGlobalSection
EndGlobal
